hash: 3ec7a1e185c444ed0487b9ec1d596cf8f8d5ba2caaf1fab61c17f80104d1ff03
updated: 2017-05-01T13:17:05.201771847-04:00
imports:
- name: github.com/eduncan911/podcast
  version: b2888626672c83990148ef3c246fc9ece499d2b8
- name: github.com/guywithnose/runner
  version: d2123843196b663e9bfab304fc51c8c3dc6b1e71
- name: github.com/kennygrant/sanitize
  version: 6a0bfdde8629a3a3a7418a7eae45c54154692514
- name: github.com/pkg/errors
  version: ff09b135c25aae272398c51a07235b90a75aa4f0
- name: github.com/stretchr/testify
  version: 69483b4bd14f5845b5a1e55bca19e954e827f1d0
  subpackages:
  - assert
  - require
- name: github.com/urfave/cli
  version: 0bdeddeeb0f650497d603c4ad7b20cfe685682f6
- name: golang.org/x/net
  version: d379faa25cbdc04d653984913a2ceb43b0bc46d7
  subpackages:
  - context
  - context/ctxhttp
  - html
  - html/atom
- name: google.golang.org/api
  version: fbbaff1827317122a8a0e1b24de25df8417ce87b
  subpackages:
  - gensupport
  - googleapi
  - googleapi/internal/uritemplates
  - googleapi/transport
  - youtube/v1
  - youtube/v3
testImports:
- name: github.com/davecgh/go-spew
  version: 346938d642f2ec3594ed81d874461961cd0faa76
  subpackages:
  - spew
- name: github.com/pmezard/go-difflib
  version: 792786c7400a136282c1664665ae0a8db921c6c2
  subpackages:
  - difflib
