# This file is autogenerated, do not edit; changes may be undone by the next 'dep ensure'.


[[projects]]
  name = "github.com/davecgh/go-spew"
  packages = ["spew"]
  revision = "346938d642f2ec3594ed81d874461961cd0faa76"
  version = "v1.1.0"

[[projects]]
  name = "github.com/eduncan911/podcast"
  packages = ["."]
  revision = "b2888626672c83990148ef3c246fc9ece499d2b8"
  version = "v1.3.0"

[[projects]]
  name = "github.com/guywithnose/runner"
  packages = ["."]
  revision = "d2123843196b663e9bfab304fc51c8c3dc6b1e71"
  version = "v0.0.2"

[[projects]]
  name = "github.com/kennygrant/sanitize"
  packages = ["."]
  revision = "6a0bfdde8629a3a3a7418a7eae45c54154692514"
  version = "v1.2"

[[projects]]
  name = "github.com/pkg/errors"
  packages = ["."]
  revision = "ff09b135c25aae272398c51a07235b90a75aa4f0"

[[projects]]
  name = "github.com/pmezard/go-difflib"
  packages = ["difflib"]
  revision = "792786c7400a136282c1664665ae0a8db921c6c2"
  version = "v1.0.0"

[[projects]]
  name = "github.com/stretchr/testify"
  packages = ["assert","require"]
  revision = "69483b4bd14f5845b5a1e55bca19e954e827f1d0"
  version = "v1.1.4"

[[projects]]
  name = "github.com/urfave/cli"
  packages = ["."]
  revision = "0bdeddeeb0f650497d603c4ad7b20cfe685682f6"
  version = "v1.19.1"

[[projects]]
  branch = "master"
  name = "golang.org/x/net"
  packages = ["context","context/ctxhttp","html","html/atom"]
  revision = "d379faa25cbdc04d653984913a2ceb43b0bc46d7"

[[projects]]
  branch = "master"
  name = "google.golang.org/api"
  packages = ["gensupport","googleapi","googleapi/internal/uritemplates","googleapi/transport","youtube/v3"]
  revision = "fbbaff1827317122a8a0e1b24de25df8417ce87b"

[solve-meta]
  analyzer-name = "dep"
  analyzer-version = 1
  inputs-digest = "77c87248c674ceb1c28278aa6cef97e164f199574eee7518f3135d9e71d413ea"
  solver-name = "gps-cdcl"
  solver-version = 1
